github.com/agentflare-ai/agentml-go v0.1.0-beta.1 h1:Nwqlpt/M5wiajsvq7qXT9rPx8NvIi2qWxK5WjsZjO54=
github.com/agentflare-ai/go-jsonpatch v0.0.0-20251007202521-03a28775fba1 h1:NJgrQGDcEVqv8zj6npC1WWD3jCZlOgImUI50mSoPefA=
github.com/agentflare-ai/go-jsonpointer v0.0.0-20251007203221-d033231435df h1:ajOE0Tsw/79Js1QbJKZGCKwJbq6Z1BCnspn+GM+cm5M=
github.com/agentflare-ai/go-jsonschema v0.0.0-20251007203233-ad868cee4fcf h1:eHv7m93YzspIc5XoNIpmSqG+pfog3PHBst88ELDLF6s=
github.com/agentflare-ai/go-xmldom v0.1.1 h1:lwep30KcIkJfS7mzEawVRDcqzdxM5VFLE8OMqLzPc5Q=
github.com/golang/groupcache v0.0.0-20241129210726-2c02b8208cf8 h1:f+oWsMOmNPc8JmEHVZIycC7hBoQxHH9pNKQORJNozsQ=
golang.org/x/text v0.30.0 h1:yznKA/E9zq54KzlzBEAWn1NXSQ8DIp/NYMy88xJjl4k=
